
Microsoft Visual Studio Solution File, Format Version 12.00
# Visual Studio Version 17
VisualStudioVersion = 17.1.32421.90
MinimumVisualStudioVersion = 10.0.40219.1
Project("{9A19103F-16F7-4668-BE54-9A1E7A4F7556}") = "UPXTest", "UPXTest\UPXTest.csproj", "{8BA1773E-7578-473C-AE68-BFC8A9FD1D07}"
EndProject
Project("{9A19103F-16F7-4668-BE54-9A1E7A4F7556}") = "Neural Network", "Neural Network\Neural Network.csproj", "{1568F647-BFF9-4F03-AC64-419707DB7BD1}"
EndProject
Project("{9A19103F-16F7-4668-BE54-9A1E7A4F7556}") = "UPX Teach", "UPX Teach\UPX Teach.csproj", "{29970183-8C8F-431F-9B33-D928E9EF808A}"
EndProject
Project("{9A19103F-16F7-4668-BE54-9A1E7A4F7556}") = "UPX Predictor", "UPX Predictor\UPX Predictor.csproj", "{F30900EB-7794-44D1-B468-FD5B2EFBCF0F}"
EndProject
Project("{9A19103F-16F7-4668-BE54-9A1E7A4F7556}") = "FindOptimalConf", "FindOptimalConf\FindOptimalConf.csproj", "{30BC780A-EA05-4C2F-926A-C9FA23E9E1C9}"
EndProject
Project("{9A19103F-16F7-4668-BE54-9A1E7A4F7556}") = "NeuralTools", "NeuralTools\NeuralTools.csproj", "{A41C2C6C-B174-4011-A48C-0B41E81C0970}"
EndProject
Project("{9A19103F-16F7-4668-BE54-9A1E7A4F7556}") = "Counter", "Counter\Counter.csproj", "{13237BA2-5428-4092-9697-71A3B8ED6D29}"
EndProject
Project("{9A19103F-16F7-4668-BE54-9A1E7A4F7556}") = "ComparedPredictor", "ComparedPredictor\ComparedPredictor.csproj", "{C22E25E9-20D5-4431-9B94-45A64A83C81A}"
EndProject
Project("{9A19103F-16F7-4668-BE54-9A1E7A4F7556}") = "ComparedLearn", "ComparedLearn\ComparedLearn.csproj", "{D5047DEF-5B7D-4910-9F92-D956315EFBA6}"
EndProject
Project("{FAE04EC0-301F-11D3-BF4B-00C04F79EFBC}") = "UPXParser", "UPXParser\UPXParser.csproj", "{B3344736-34EE-4DB0-A933-48F3040DEB2F}"
EndProject
Global
	GlobalSection(SolutionConfigurationPlatforms) = preSolution
		Debug|Any CPU = Debug|Any CPU
		Debug|x64 = Debug|x64
		Release|Any CPU = Release|Any CPU
		Release|x64 = Release|x64
	EndGlobalSection
	GlobalSection(ProjectConfigurationPlatforms) = postSolution
		{8BA1773E-7578-473C-AE68-BFC8A9FD1D07}.Debug|Any CPU.ActiveCfg = Debug|Any CPU
		{8BA1773E-7578-473C-AE68-BFC8A9FD1D07}.Debug|Any CPU.Build.0 = Debug|Any CPU
		{8BA1773E-7578-473C-AE68-BFC8A9FD1D07}.Debug|x64.ActiveCfg = Debug|x64
		{8BA1773E-7578-473C-AE68-BFC8A9FD1D07}.Debug|x64.Build.0 = Debug|x64
		{8BA1773E-7578-473C-AE68-BFC8A9FD1D07}.Release|Any CPU.ActiveCfg = Release|Any CPU
		{8BA1773E-7578-473C-AE68-BFC8A9FD1D07}.Release|Any CPU.Build.0 = Release|Any CPU
		{8BA1773E-7578-473C-AE68-BFC8A9FD1D07}.Release|x64.ActiveCfg = Release|x64
		{8BA1773E-7578-473C-AE68-BFC8A9FD1D07}.Release|x64.Build.0 = Release|x64
		{1568F647-BFF9-4F03-AC64-419707DB7BD1}.Debug|Any CPU.ActiveCfg = Debug|Any CPU
		{1568F647-BFF9-4F03-AC64-419707DB7BD1}.Debug|Any CPU.Build.0 = Debug|Any CPU
		{1568F647-BFF9-4F03-AC64-419707DB7BD1}.Debug|x64.ActiveCfg = Debug|Any CPU
		{1568F647-BFF9-4F03-AC64-419707DB7BD1}.Debug|x64.Build.0 = Debug|Any CPU
		{1568F647-BFF9-4F03-AC64-419707DB7BD1}.Release|Any CPU.ActiveCfg = Release|Any CPU
		{1568F647-BFF9-4F03-AC64-419707DB7BD1}.Release|Any CPU.Build.0 = Release|Any CPU
		{1568F647-BFF9-4F03-AC64-419707DB7BD1}.Release|x64.ActiveCfg = Release|Any CPU
		{1568F647-BFF9-4F03-AC64-419707DB7BD1}.Release|x64.Build.0 = Release|Any CPU
		{29970183-8C8F-431F-9B33-D928E9EF808A}.Debug|Any CPU.ActiveCfg = Debug|Any CPU
		{29970183-8C8F-431F-9B33-D928E9EF808A}.Debug|Any CPU.Build.0 = Debug|Any CPU
		{29970183-8C8F-431F-9B33-D928E9EF808A}.Debug|x64.ActiveCfg = Debug|Any CPU
		{29970183-8C8F-431F-9B33-D928E9EF808A}.Debug|x64.Build.0 = Debug|Any CPU
		{29970183-8C8F-431F-9B33-D928E9EF808A}.Release|Any CPU.ActiveCfg = Release|Any CPU
		{29970183-8C8F-431F-9B33-D928E9EF808A}.Release|Any CPU.Build.0 = Release|Any CPU
		{29970183-8C8F-431F-9B33-D928E9EF808A}.Release|x64.ActiveCfg = Release|Any CPU
		{29970183-8C8F-431F-9B33-D928E9EF808A}.Release|x64.Build.0 = Release|Any CPU
		{F30900EB-7794-44D1-B468-FD5B2EFBCF0F}.Debug|Any CPU.ActiveCfg = Debug|Any CPU
		{F30900EB-7794-44D1-B468-FD5B2EFBCF0F}.Debug|Any CPU.Build.0 = Debug|Any CPU
		{F30900EB-7794-44D1-B468-FD5B2EFBCF0F}.Debug|x64.ActiveCfg = Debug|Any CPU
		{F30900EB-7794-44D1-B468-FD5B2EFBCF0F}.Debug|x64.Build.0 = Debug|Any CPU
		{F30900EB-7794-44D1-B468-FD5B2EFBCF0F}.Release|Any CPU.ActiveCfg = Release|Any CPU
		{F30900EB-7794-44D1-B468-FD5B2EFBCF0F}.Release|Any CPU.Build.0 = Release|Any CPU
		{F30900EB-7794-44D1-B468-FD5B2EFBCF0F}.Release|x64.ActiveCfg = Release|Any CPU
		{F30900EB-7794-44D1-B468-FD5B2EFBCF0F}.Release|x64.Build.0 = Release|Any CPU
		{30BC780A-EA05-4C2F-926A-C9FA23E9E1C9}.Debug|Any CPU.ActiveCfg = Debug|Any CPU
		{30BC780A-EA05-4C2F-926A-C9FA23E9E1C9}.Debug|Any CPU.Build.0 = Debug|Any CPU
		{30BC780A-EA05-4C2F-926A-C9FA23E9E1C9}.Debug|x64.ActiveCfg = Debug|Any CPU
		{30BC780A-EA05-4C2F-926A-C9FA23E9E1C9}.Debug|x64.Build.0 = Debug|Any CPU
		{30BC780A-EA05-4C2F-926A-C9FA23E9E1C9}.Release|Any CPU.ActiveCfg = Release|Any CPU
		{30BC780A-EA05-4C2F-926A-C9FA23E9E1C9}.Release|Any CPU.Build.0 = Release|Any CPU
		{30BC780A-EA05-4C2F-926A-C9FA23E9E1C9}.Release|x64.ActiveCfg = Release|Any CPU
		{30BC780A-EA05-4C2F-926A-C9FA23E9E1C9}.Release|x64.Build.0 = Release|Any CPU
		{A41C2C6C-B174-4011-A48C-0B41E81C0970}.Debug|Any CPU.ActiveCfg = Debug|Any CPU
		{A41C2C6C-B174-4011-A48C-0B41E81C0970}.Debug|Any CPU.Build.0 = Debug|Any CPU
		{A41C2C6C-B174-4011-A48C-0B41E81C0970}.Debug|x64.ActiveCfg = Debug|Any CPU
		{A41C2C6C-B174-4011-A48C-0B41E81C0970}.Debug|x64.Build.0 = Debug|Any CPU
		{A41C2C6C-B174-4011-A48C-0B41E81C0970}.Release|Any CPU.ActiveCfg = Release|Any CPU
		{A41C2C6C-B174-4011-A48C-0B41E81C0970}.Release|Any CPU.Build.0 = Release|Any CPU
		{A41C2C6C-B174-4011-A48C-0B41E81C0970}.Release|x64.ActiveCfg = Release|Any CPU
		{A41C2C6C-B174-4011-A48C-0B41E81C0970}.Release|x64.Build.0 = Release|Any CPU
		{13237BA2-5428-4092-9697-71A3B8ED6D29}.Debug|Any CPU.ActiveCfg = Debug|Any CPU
		{13237BA2-5428-4092-9697-71A3B8ED6D29}.Debug|Any CPU.Build.0 = Debug|Any CPU
		{13237BA2-5428-4092-9697-71A3B8ED6D29}.Debug|x64.ActiveCfg = Debug|Any CPU
		{13237BA2-5428-4092-9697-71A3B8ED6D29}.Debug|x64.Build.0 = Debug|Any CPU
		{13237BA2-5428-4092-9697-71A3B8ED6D29}.Release|Any CPU.ActiveCfg = Release|Any CPU
		{13237BA2-5428-4092-9697-71A3B8ED6D29}.Release|Any CPU.Build.0 = Release|Any CPU
		{13237BA2-5428-4092-9697-71A3B8ED6D29}.Release|x64.ActiveCfg = Release|Any CPU
		{13237BA2-5428-4092-9697-71A3B8ED6D29}.Release|x64.Build.0 = Release|Any CPU
		{C22E25E9-20D5-4431-9B94-45A64A83C81A}.Debug|Any CPU.ActiveCfg = Debug|Any CPU
		{C22E25E9-20D5-4431-9B94-45A64A83C81A}.Debug|Any CPU.Build.0 = Debug|Any CPU
		{C22E25E9-20D5-4431-9B94-45A64A83C81A}.Debug|x64.ActiveCfg = Debug|Any CPU
		{C22E25E9-20D5-4431-9B94-45A64A83C81A}.Debug|x64.Build.0 = Debug|Any CPU
		{C22E25E9-20D5-4431-9B94-45A64A83C81A}.Release|Any CPU.ActiveCfg = Release|Any CPU
		{C22E25E9-20D5-4431-9B94-45A64A83C81A}.Release|Any CPU.Build.0 = Release|Any CPU
		{C22E25E9-20D5-4431-9B94-45A64A83C81A}.Release|x64.ActiveCfg = Release|Any CPU
		{C22E25E9-20D5-4431-9B94-45A64A83C81A}.Release|x64.Build.0 = Release|Any CPU
		{D5047DEF-5B7D-4910-9F92-D956315EFBA6}.Debug|Any CPU.ActiveCfg = Debug|Any CPU
		{D5047DEF-5B7D-4910-9F92-D956315EFBA6}.Debug|Any CPU.Build.0 = Debug|Any CPU
		{D5047DEF-5B7D-4910-9F92-D956315EFBA6}.Debug|x64.ActiveCfg = Debug|Any CPU
		{D5047DEF-5B7D-4910-9F92-D956315EFBA6}.Debug|x64.Build.0 = Debug|Any CPU
		{D5047DEF-5B7D-4910-9F92-D956315EFBA6}.Release|Any CPU.ActiveCfg = Release|Any CPU
		{D5047DEF-5B7D-4910-9F92-D956315EFBA6}.Release|Any CPU.Build.0 = Release|Any CPU
		{D5047DEF-5B7D-4910-9F92-D956315EFBA6}.Release|x64.ActiveCfg = Release|Any CPU
		{D5047DEF-5B7D-4910-9F92-D956315EFBA6}.Release|x64.Build.0 = Release|Any CPU
		{B3344736-34EE-4DB0-A933-48F3040DEB2F}.Debug|Any CPU.ActiveCfg = Debug|Any CPU
		{B3344736-34EE-4DB0-A933-48F3040DEB2F}.Debug|Any CPU.Build.0 = Debug|Any CPU
		{B3344736-34EE-4DB0-A933-48F3040DEB2F}.Debug|x64.ActiveCfg = Debug|Any CPU
		{B3344736-34EE-4DB0-A933-48F3040DEB2F}.Debug|x64.Build.0 = Debug|Any CPU
		{B3344736-34EE-4DB0-A933-48F3040DEB2F}.Release|Any CPU.ActiveCfg = Release|Any CPU
		{B3344736-34EE-4DB0-A933-48F3040DEB2F}.Release|Any CPU.Build.0 = Release|Any CPU
		{B3344736-34EE-4DB0-A933-48F3040DEB2F}.Release|x64.ActiveCfg = Release|Any CPU
		{B3344736-34EE-4DB0-A933-48F3040DEB2F}.Release|x64.Build.0 = Release|Any CPU
	EndGlobalSection
	GlobalSection(SolutionProperties) = preSolution
		HideSolutionNode = FALSE
	EndGlobalSection
	GlobalSection(ExtensibilityGlobals) = postSolution
		SolutionGuid = {D05469C2-3A5C-4E93-8774-C14253839128}
	EndGlobalSection
EndGlobal
